
Microsoft Visual Studio Solution File, Format Version 11.00
# Visual Studio 2010
Project("{FAE04EC0-301F-11D3-BF4B-00C04F79EFBC}") = "WeightedRandomCollection", "WeightedRandomCollection\WeightedRandomCollection.csproj", "{DAD865D5-9311-45AF-B46A-185CAF82F1B6}"
EndProject
Project("{FAE04EC0-301F-11D3-BF4B-00C04F79EFBC}") = "WRC.Tests", "WRC.Tests\WRC.Tests.csproj", "{4F17F6E1-EE5D-48CA-8741-8E214FEE1230}"
EndProject
Global
	GlobalSection(SolutionConfigurationPlatforms) = preSolution
		Debug|Any CPU = Debug|Any CPU
		Release|Any CPU = Release|Any CPU
	EndGlobalSection
	GlobalSection(ProjectConfigurationPlatforms) = postSolution
		{DAD865D5-9311-45AF-B46A-185CAF82F1B6}.Debug|Any CPU.ActiveCfg = Debug|Any CPU
		{DAD865D5-9311-45AF-B46A-185CAF82F1B6}.Debug|Any CPU.Build.0 = Debug|Any CPU
		{DAD865D5-9311-45AF-B46A-185CAF82F1B6}.Release|Any CPU.ActiveCfg = Release|Any CPU
		{DAD865D5-9311-45AF-B46A-185CAF82F1B6}.Release|Any CPU.Build.0 = Release|Any CPU
		{4F17F6E1-EE5D-48CA-8741-8E214FEE1230}.Debug|Any CPU.ActiveCfg = Debug|Any CPU
		{4F17F6E1-EE5D-48CA-8741-8E214FEE1230}.Debug|Any CPU.Build.0 = Debug|Any CPU
		{4F17F6E1-EE5D-48CA-8741-8E214FEE1230}.Release|Any CPU.ActiveCfg = Release|Any CPU
		{4F17F6E1-EE5D-48CA-8741-8E214FEE1230}.Release|Any CPU.Build.0 = Release|Any CPU
	EndGlobalSection
	GlobalSection(SolutionProperties) = preSolution
		HideSolutionNode = FALSE
	EndGlobalSection
EndGlobal
